
Microsoft Visual Studio Solution File, Format Version 12.00
# Visual Studio 14
VisualStudioVersion = 14.0.25420.1
MinimumVisualStudioVersion = 10.0.40219.1
Project("{FAE04EC0-301F-11D3-BF4B-00C04F79EFBC}") = "ConsoleSecretStoreShellApp", "ConsoleSecretStoreShellApp\ConsoleSecretStoreShellApp.csproj", "{240FB447-9959-40BB-B0DA-E68657CBB167}"
EndProject
Project("{FAE04EC0-301F-11D3-BF4B-00C04F79EFBC}") = "SecretInfoStoreLibrary", "SecretInfoStore\SecretInfoStoreLibrary.csproj", "{AEA16D9E-2D29-40F3-B2A4-C03AF96C64EB}"
EndProject
Global
	GlobalSection(SolutionConfigurationPlatforms) = preSolution
		Debug|Any CPU = Debug|Any CPU
		Release|Any CPU = Release|Any CPU
	EndGlobalSection
	GlobalSection(ProjectConfigurationPlatforms) = postSolution
		{240FB447-9959-40BB-B0DA-E68657CBB167}.Debug|Any CPU.ActiveCfg = Debug|Any CPU
		{240FB447-9959-40BB-B0DA-E68657CBB167}.Debug|Any CPU.Build.0 = Debug|Any CPU
		{240FB447-9959-40BB-B0DA-E68657CBB167}.Release|Any CPU.ActiveCfg = Release|Any CPU
		{240FB447-9959-40BB-B0DA-E68657CBB167}.Release|Any CPU.Build.0 = Release|Any CPU
		{AEA16D9E-2D29-40F3-B2A4-C03AF96C64EB}.Debug|Any CPU.ActiveCfg = Debug|Any CPU
		{AEA16D9E-2D29-40F3-B2A4-C03AF96C64EB}.Debug|Any CPU.Build.0 = Debug|Any CPU
		{AEA16D9E-2D29-40F3-B2A4-C03AF96C64EB}.Release|Any CPU.ActiveCfg = Release|Any CPU
		{AEA16D9E-2D29-40F3-B2A4-C03AF96C64EB}.Release|Any CPU.Build.0 = Release|Any CPU
	EndGlobalSection
	GlobalSection(SolutionProperties) = preSolution
		HideSolutionNode = FALSE
	EndGlobalSection
EndGlobal
